
Microsoft Visual Studio Solution File, Format Version 12.00
# Visual Studio 14
VisualStudioVersion = 14.0.24720.0
MinimumVisualStudioVersion = 10.0.40219.1
Project("{2150E333-8FDC-42A3-9474-1A3956D46DE8}") = "src", "src", "{B63FE0C9-AAFB-42CA-A8B8-BC6B711C0102}"
EndProject
Project("{2150E333-8FDC-42A3-9474-1A3956D46DE8}") = "Solution Items", "Solution Items", "{4F07C249-F795-41E8-BC61-B72E058A4596}"
	ProjectSection(SolutionItems) = preProject
		global.json = global.json
	EndProjectSection
EndProject
Project("{FAE04EC0-301F-11D3-BF4B-00C04F79EFBC}") = "DROM Client", "DROM Client\DROM Client.csproj", "{00D8076F-6000-46E8-ABCB-2C8516731A8F}"
EndProject
Project("{FAE04EC0-301F-11D3-BF4B-00C04F79EFBC}") = "DcrWebAPI", "DcrWebAPI\DcrWebAPI.csproj", "{77F3216E-AF87-49A5-B941-E966BDC183C9}"
EndProject
Project("{FAE04EC0-301F-11D3-BF4B-00C04F79EFBC}") = "DcrWebAPI.Tests", "DcrWebAPI.Tests\DcrWebAPI.Tests.csproj", "{705B30A5-D0D0-47BF-95B8-3E12D3710063}"
EndProject
Project("{FAE04EC0-301F-11D3-BF4B-00C04F79EFBC}") = "ConsoleApplication1", "ConsoleApplication1\ConsoleApplication1.csproj", "{4FB141ED-E9A9-4D0A-805C-E306FD74B4CA}"
EndProject
Global
	GlobalSection(SolutionConfigurationPlatforms) = preSolution
		Debug|Any CPU = Debug|Any CPU
		Debug|ARM = Debug|ARM
		Debug|x64 = Debug|x64
		Debug|x86 = Debug|x86
		Release|Any CPU = Release|Any CPU
		Release|ARM = Release|ARM
		Release|x64 = Release|x64
		Release|x86 = Release|x86
	EndGlobalSection
	GlobalSection(ProjectConfigurationPlatforms) = postSolution
		{00D8076F-6000-46E8-ABCB-2C8516731A8F}.Debug|Any CPU.ActiveCfg = Debug|x86
		{00D8076F-6000-46E8-ABCB-2C8516731A8F}.Debug|Any CPU.Build.0 = Debug|x86
		{00D8076F-6000-46E8-ABCB-2C8516731A8F}.Debug|Any CPU.Deploy.0 = Debug|x86
		{00D8076F-6000-46E8-ABCB-2C8516731A8F}.Debug|ARM.ActiveCfg = Debug|ARM
		{00D8076F-6000-46E8-ABCB-2C8516731A8F}.Debug|ARM.Build.0 = Debug|ARM
		{00D8076F-6000-46E8-ABCB-2C8516731A8F}.Debug|ARM.Deploy.0 = Debug|ARM
		{00D8076F-6000-46E8-ABCB-2C8516731A8F}.Debug|x64.ActiveCfg = Debug|x64
		{00D8076F-6000-46E8-ABCB-2C8516731A8F}.Debug|x64.Build.0 = Debug|x64
		{00D8076F-6000-46E8-ABCB-2C8516731A8F}.Debug|x64.Deploy.0 = Debug|x64
		{00D8076F-6000-46E8-ABCB-2C8516731A8F}.Debug|x86.ActiveCfg = Debug|x86
		{00D8076F-6000-46E8-ABCB-2C8516731A8F}.Debug|x86.Build.0 = Debug|x86
		{00D8076F-6000-46E8-ABCB-2C8516731A8F}.Debug|x86.Deploy.0 = Debug|x86
		{00D8076F-6000-46E8-ABCB-2C8516731A8F}.Release|Any CPU.ActiveCfg = Release|x86
		{00D8076F-6000-46E8-ABCB-2C8516731A8F}.Release|ARM.ActiveCfg = Release|ARM
		{00D8076F-6000-46E8-ABCB-2C8516731A8F}.Release|ARM.Build.0 = Release|ARM
		{00D8076F-6000-46E8-ABCB-2C8516731A8F}.Release|ARM.Deploy.0 = Release|ARM
		{00D8076F-6000-46E8-ABCB-2C8516731A8F}.Release|x64.ActiveCfg = Release|x64
		{00D8076F-6000-46E8-ABCB-2C8516731A8F}.Release|x64.Build.0 = Release|x64
		{00D8076F-6000-46E8-ABCB-2C8516731A8F}.Release|x64.Deploy.0 = Release|x64
		{00D8076F-6000-46E8-ABCB-2C8516731A8F}.Release|x86.ActiveCfg = Release|x86
		{00D8076F-6000-46E8-ABCB-2C8516731A8F}.Release|x86.Build.0 = Release|x86
		{00D8076F-6000-46E8-ABCB-2C8516731A8F}.Release|x86.Deploy.0 = Release|x86
		{77F3216E-AF87-49A5-B941-E966BDC183C9}.Debug|Any CPU.ActiveCfg = Debug|Any CPU
		{77F3216E-AF87-49A5-B941-E966BDC183C9}.Debug|Any CPU.Build.0 = Debug|Any CPU
		{77F3216E-AF87-49A5-B941-E966BDC183C9}.Debug|ARM.ActiveCfg = Debug|Any CPU
		{77F3216E-AF87-49A5-B941-E966BDC183C9}.Debug|ARM.Build.0 = Debug|Any CPU
		{77F3216E-AF87-49A5-B941-E966BDC183C9}.Debug|x64.ActiveCfg = Debug|Any CPU
		{77F3216E-AF87-49A5-B941-E966BDC183C9}.Debug|x64.Build.0 = Debug|Any CPU
		{77F3216E-AF87-49A5-B941-E966BDC183C9}.Debug|x86.ActiveCfg = Debug|Any CPU
		{77F3216E-AF87-49A5-B941-E966BDC183C9}.Debug|x86.Build.0 = Debug|Any CPU
		{77F3216E-AF87-49A5-B941-E966BDC183C9}.Release|Any CPU.ActiveCfg = Release|Any CPU
		{77F3216E-AF87-49A5-B941-E966BDC183C9}.Release|Any CPU.Build.0 = Release|Any CPU
		{77F3216E-AF87-49A5-B941-E966BDC183C9}.Release|ARM.ActiveCfg = Release|Any CPU
		{77F3216E-AF87-49A5-B941-E966BDC183C9}.Release|ARM.Build.0 = Release|Any CPU
		{77F3216E-AF87-49A5-B941-E966BDC183C9}.Release|x64.ActiveCfg = Release|Any CPU
		{77F3216E-AF87-49A5-B941-E966BDC183C9}.Release|x64.Build.0 = Release|Any CPU
		{77F3216E-AF87-49A5-B941-E966BDC183C9}.Release|x86.ActiveCfg = Release|Any CPU
		{77F3216E-AF87-49A5-B941-E966BDC183C9}.Release|x86.Build.0 = Release|Any CPU
		{705B30A5-D0D0-47BF-95B8-3E12D3710063}.Debug|Any CPU.ActiveCfg = Debug|Any CPU
		{705B30A5-D0D0-47BF-95B8-3E12D3710063}.Debug|Any CPU.Build.0 = Debug|Any CPU
		{705B30A5-D0D0-47BF-95B8-3E12D3710063}.Debug|ARM.ActiveCfg = Debug|Any CPU
		{705B30A5-D0D0-47BF-95B8-3E12D3710063}.Debug|ARM.Build.0 = Debug|Any CPU
		{705B30A5-D0D0-47BF-95B8-3E12D3710063}.Debug|x64.ActiveCfg = Debug|Any CPU
		{705B30A5-D0D0-47BF-95B8-3E12D3710063}.Debug|x64.Build.0 = Debug|Any CPU
		{705B30A5-D0D0-47BF-95B8-3E12D3710063}.Debug|x86.ActiveCfg = Debug|Any CPU
		{705B30A5-D0D0-47BF-95B8-3E12D3710063}.Debug|x86.Build.0 = Debug|Any CPU
		{705B30A5-D0D0-47BF-95B8-3E12D3710063}.Release|Any CPU.ActiveCfg = Release|Any CPU
		{705B30A5-D0D0-47BF-95B8-3E12D3710063}.Release|Any CPU.Build.0 = Release|Any CPU
		{705B30A5-D0D0-47BF-95B8-3E12D3710063}.Release|ARM.ActiveCfg = Release|Any CPU
		{705B30A5-D0D0-47BF-95B8-3E12D3710063}.Release|ARM.Build.0 = Release|Any CPU
		{705B30A5-D0D0-47BF-95B8-3E12D3710063}.Release|x64.ActiveCfg = Release|Any CPU
		{705B30A5-D0D0-47BF-95B8-3E12D3710063}.Release|x64.Build.0 = Release|Any CPU
		{705B30A5-D0D0-47BF-95B8-3E12D3710063}.Release|x86.ActiveCfg = Release|Any CPU
		{705B30A5-D0D0-47BF-95B8-3E12D3710063}.Release|x86.Build.0 = Release|Any CPU
		{4FB141ED-E9A9-4D0A-805C-E306FD74B4CA}.Debug|Any CPU.ActiveCfg = Debug|Any CPU
		{4FB141ED-E9A9-4D0A-805C-E306FD74B4CA}.Debug|Any CPU.Build.0 = Debug|Any CPU
		{4FB141ED-E9A9-4D0A-805C-E306FD74B4CA}.Debug|ARM.ActiveCfg = Debug|Any CPU
		{4FB141ED-E9A9-4D0A-805C-E306FD74B4CA}.Debug|ARM.Build.0 = Debug|Any CPU
		{4FB141ED-E9A9-4D0A-805C-E306FD74B4CA}.Debug|x64.ActiveCfg = Debug|Any CPU
		{4FB141ED-E9A9-4D0A-805C-E306FD74B4CA}.Debug|x64.Build.0 = Debug|Any CPU
		{4FB141ED-E9A9-4D0A-805C-E306FD74B4CA}.Debug|x86.ActiveCfg = Debug|Any CPU
		{4FB141ED-E9A9-4D0A-805C-E306FD74B4CA}.Debug|x86.Build.0 = Debug|Any CPU
		{4FB141ED-E9A9-4D0A-805C-E306FD74B4CA}.Release|Any CPU.ActiveCfg = Release|Any CPU
		{4FB141ED-E9A9-4D0A-805C-E306FD74B4CA}.Release|Any CPU.Build.0 = Release|Any CPU
		{4FB141ED-E9A9-4D0A-805C-E306FD74B4CA}.Release|ARM.ActiveCfg = Release|Any CPU
		{4FB141ED-E9A9-4D0A-805C-E306FD74B4CA}.Release|ARM.Build.0 = Release|Any CPU
		{4FB141ED-E9A9-4D0A-805C-E306FD74B4CA}.Release|x64.ActiveCfg = Release|Any CPU
		{4FB141ED-E9A9-4D0A-805C-E306FD74B4CA}.Release|x64.Build.0 = Release|Any CPU
		{4FB141ED-E9A9-4D0A-805C-E306FD74B4CA}.Release|x86.ActiveCfg = Release|Any CPU
		{4FB141ED-E9A9-4D0A-805C-E306FD74B4CA}.Release|x86.Build.0 = Release|Any CPU
	EndGlobalSection
	GlobalSection(SolutionProperties) = preSolution
		HideSolutionNode = FALSE
	EndGlobalSection
EndGlobal
